
Microsoft Visual Studio Solution File, Format Version 12.00
# Visual Studio Version 16
VisualStudioVersion = 16.0.31205.134
MinimumVisualStudioVersion = 10.0.40219.1
Project("{FAE04EC0-301F-11D3-BF4B-00C04F79EFBC}") = "MVCOkulSite", "MVCOkulSite\MVCOkulSite.csproj", "{398E2713-E002-46D4-85E4-EE20B43FD079}"
EndProject
Global
	GlobalSection(SolutionConfigurationPlatforms) = preSolution
		Debug|Any CPU = Debug|Any CPU
		Release|Any CPU = Release|Any CPU
	EndGlobalSection
	GlobalSection(ProjectConfigurationPlatforms) = postSolution
		{398E2713-E002-46D4-85E4-EE20B43FD079}.Debug|Any CPU.ActiveCfg = Debug|Any CPU
		{398E2713-E002-46D4-85E4-EE20B43FD079}.Debug|Any CPU.Build.0 = Debug|Any CPU
		{398E2713-E002-46D4-85E4-EE20B43FD079}.Release|Any CPU.ActiveCfg = Release|Any CPU
		{398E2713-E002-46D4-85E4-EE20B43FD079}.Release|Any CPU.Build.0 = Release|Any CPU
	EndGlobalSection
	GlobalSection(SolutionProperties) = preSolution
		HideSolutionNode = FALSE
	EndGlobalSection
	GlobalSection(ExtensibilityGlobals) = postSolution
		SolutionGuid = {01393799-D1A3-464A-97B9-0D349A028134}
	EndGlobalSection
EndGlobal
